// !$*UTF8*$!
{
	archiveVersion = 1;
	classes = {
	};
	objectVersion = 56;
	objects = {

/* Begin PBXBuildFile section */
		886D0E1B2AD5BF2000F955CD /* ExamenMovilesApp.swift in Sources */ = {isa = PBXBuildFile; fileRef = 886D0E1A2AD5BF2000F955CD /* ExamenMovilesApp.swift */; };
		886D0E1D2AD5BF2000F955CD /* ContentView.swift in Sources */ = {isa = PBXBuildFile; fileRef = 886D0E1C2AD5BF2000F955CD /* ContentView.swift */; };
		886D0E1F2AD5BF2200F955CD /* Assets.xcassets in Resources */ = {isa = PBXBuildFile; fileRef = 886D0E1E2AD5BF2200F955CD /* Assets.xcassets */; };
		886D0E222AD5BF2200F955CD /* Preview Assets.xcassets in Resources */ = {isa = PBXBuildFile; fileRef = 886D0E212AD5BF2200F955CD /* Preview Assets.xcassets */; };
		886D0E2F2AD5BFCD00F955CD /* Model.swift in Sources */ = {isa = PBXBuildFile; fileRef = 886D0E2E2AD5BFCD00F955CD /* Model.swift */; };
		886D0E312AD5C09900F955CD /* Repository.swift in Sources */ = {isa = PBXBuildFile; fileRef = 886D0E302AD5C09900F955CD /* Repository.swift */; };
		886D0E332AD5C1DD00F955CD /* NetworkApiService.swift in Sources */ = {isa = PBXBuildFile; fileRef = 886D0E322AD5C1DD00F955CD /* NetworkApiService.swift */; };
		886D0E362AD5C2A200F955CD /* Alamofire in Frameworks */ = {isa = PBXBuildFile; productRef = 886D0E352AD5C2A200F955CD /* Alamofire */; };
		886D0E392AD5D0FF00F955CD /* ViewModel.swift in Sources */ = {isa = PBXBuildFile; fileRef = 886D0E382AD5D0FF00F955CD /* ViewModel.swift */; };
		886D0E3B2AD5EA8600F955CD /* MovieCollectionRequirement.swift in Sources */ = {isa = PBXBuildFile; fileRef = 886D0E3A2AD5EA8600F955CD /* MovieCollectionRequirement.swift */; };
		886D0E3D2AD5EA9400F955CD /* MovieInfoRequirement.swift in Sources */ = {isa = PBXBuildFile; fileRef = 886D0E3C2AD5EA9400F955CD /* MovieInfoRequirement.swift */; };
/* End PBXBuildFile section */

/* Begin PBXFileReference section */
		886D0E172AD5BF2000F955CD /* ExamenMoviles.app */ = {isa = PBXFileReference; explicitFileType = wrapper.application; includeInIndex = 0; path = ExamenMoviles.app; sourceTree = BUILT_PRODUCTS_DIR; };
		886D0E1A2AD5BF2000F955CD /* ExamenMovilesApp.swift */ = {isa = PBXFileReference; lastKnownFileType = sourcecode.swift; path = ExamenMovilesApp.swift; sourceTree = "<group>"; };
		886D0E1C2AD5BF2000F955CD /* ContentView.swift */ = {isa = PBXFileReference; lastKnownFileType = sourcecode.swift; path = ContentView.swift; sourceTree = "<group>"; };
		886D0E1E2AD5BF2200F955CD /* Assets.xcassets */ = {isa = PBXFileReference; lastKnownFileType = folder.assetcatalog; path = Assets.xcassets; sourceTree = "<group>"; };
		886D0E212AD5BF2200F955CD /* Preview Assets.xcassets */ = {isa = PBXFileReference; lastKnownFileType = folder.assetcatalog; path = "Preview Assets.xcassets"; sourceTree = "<group>"; };
		886D0E2E2AD5BFCD00F955CD /* Model.swift */ = {isa = PBXFileReference; lastKnownFileType = sourcecode.swift; path = Model.swift; sourceTree = "<group>"; };
		886D0E302AD5C09900F955CD /* Repository.swift */ = {isa = PBXFileReference; lastKnownFileType = sourcecode.swift; path = Repository.swift; sourceTree = "<group>"; };
		886D0E322AD5C1DD00F955CD /* NetworkApiService.swift */ = {isa = PBXFileReference; lastKnownFileType = sourcecode.swift; path = NetworkApiService.swift; sourceTree = "<group>"; };
		886D0E372AD5CFD800F955CD /* Info.plist */ = {isa = PBXFileReference; lastKnownFileType = text.plist; path = Info.plist; sourceTree = "<group>"; };
		886D0E382AD5D0FF00F955CD /* ViewModel.swift */ = {isa = PBXFileReference; lastKnownFileType = sourcecode.swift; path = ViewModel.swift; sourceTree = "<group>"; };
		886D0E3A2AD5EA8600F955CD /* MovieCollectionRequirement.swift */ = {isa = PBXFileReference; lastKnownFileType = sourcecode.swift; path = MovieCollectionRequirement.swift; sourceTree = "<group>"; };
		886D0E3C2AD5EA9400F955CD /* MovieInfoRequirement.swift */ = {isa = PBXFileReference; lastKnownFileType = sourcecode.swift; path = MovieInfoRequirement.swift; sourceTree = "<group>"; };
/* End PBXFileReference section */

/* Begin PBXFrameworksBuildPhase section */
		886D0E142AD5BF2000F955CD /* Frameworks */ = {
			isa = PBXFrameworksBuildPhase;
			buildActionMask = 2147483647;
			files = (
				886D0E362AD5C2A200F955CD /* Alamofire in Frameworks */,
			);
			runOnlyForDeploymentPostprocessing = 0;
		};
/* End PBXFrameworksBuildPhase section */

/* Begin PBXGroup section */
		886D0E0E2AD5BF2000F955CD = {
			isa = PBXGroup;
			children = (
				886D0E192AD5BF2000F955CD /* ExamenMoviles */,
				886D0E182AD5BF2000F955CD /* Products */,
			);
			sourceTree = "<group>";
		};
		886D0E182AD5BF2000F955CD /* Products */ = {
			isa = PBXGroup;
			children = (
				886D0E172AD5BF2000F955CD /* ExamenMoviles.app */,
			);
			name = Products;
			sourceTree = "<group>";
		};
		886D0E192AD5BF2000F955CD /* ExamenMoviles */ = {
			isa = PBXGroup;
			children = (
				886D0E372AD5CFD800F955CD /* Info.plist */,
				886D0E2D2AD5BFA100F955CD /* Domain */,
				886D0E2B2AD5BF9600F955CD /* Data */,
				886D0E282AD5BF7B00F955CD /* Framework */,
				886D0E1A2AD5BF2000F955CD /* ExamenMovilesApp.swift */,
				886D0E1E2AD5BF2200F955CD /* Assets.xcassets */,
				886D0E202AD5BF2200F955CD /* Preview Content */,
			);
			path = ExamenMoviles;
			sourceTree = "<group>";
		};
		886D0E202AD5BF2200F955CD /* Preview Content */ = {
			isa = PBXGroup;
			children = (
				886D0E212AD5BF2200F955CD /* Preview Assets.xcassets */,
			);
			path = "Preview Content";
			sourceTree = "<group>";
		};
		886D0E282AD5BF7B00F955CD /* Framework */ = {
			isa = PBXGroup;
			children = (
				886D0E2A2AD5BF8C00F955CD /* ViewModels */,
				886D0E292AD5BF8100F955CD /* Views */,
			);
			path = Framework;
			sourceTree = "<group>";
		};
		886D0E292AD5BF8100F955CD /* Views */ = {
			isa = PBXGroup;
			children = (
				886D0E1C2AD5BF2000F955CD /* ContentView.swift */,
			);
			path = Views;
			sourceTree = "<group>";
		};
		886D0E2A2AD5BF8C00F955CD /* ViewModels */ = {
			isa = PBXGroup;
			children = (
				886D0E382AD5D0FF00F955CD /* ViewModel.swift */,
			);
			path = ViewModels;
			sourceTree = "<group>";
		};
		886D0E2B2AD5BF9600F955CD /* Data */ = {
			isa = PBXGroup;
			children = (
				886D0E2C2AD5BF9A00F955CD /* Network */,
				886D0E2E2AD5BFCD00F955CD /* Model.swift */,
				886D0E302AD5C09900F955CD /* Repository.swift */,
			);
			path = Data;
			sourceTree = "<group>";
		};
		886D0E2C2AD5BF9A00F955CD /* Network */ = {
			isa = PBXGroup;
			children = (
				886D0E322AD5C1DD00F955CD /* NetworkApiService.swift */,
			);
			path = Network;
			sourceTree = "<group>";
		};
		886D0E2D2AD5BFA100F955CD /* Domain */ = {
			isa = PBXGroup;
			children = (
				886D0E3A2AD5EA8600F955CD /* MovieCollectionRequirement.swift */,
				886D0E3C2AD5EA9400F955CD /* MovieInfoRequirement.swift */,
			);
			path = Domain;
			sourceTree = "<group>";
		};
/* End PBXGroup section */

/* Begin PBXNativeTarget section */
		886D0E162AD5BF2000F955CD /* ExamenMoviles */ = {
			isa = PBXNativeTarget;
			buildConfigurationList = 886D0E252AD5BF2200F955CD /* Build configuration list for PBXNativeTarget "ExamenMoviles" */;
			buildPhases = (
				886D0E132AD5BF2000F955CD /* Sources */,
				886D0E142AD5BF2000F955CD /* Frameworks */,
				886D0E152AD5BF2000F955CD /* Resources */,
			);
			buildRules = (
			);
			dependencies = (
			);
			name = ExamenMoviles;
			packageProductDependencies = (
				886D0E352AD5C2A200F955CD /* Alamofire */,
			);
			productName = ExamenMoviles;
			productReference = 886D0E172AD5BF2000F955CD /* ExamenMoviles.app */;
			productType = "com.apple.product-type.application";
		};
/* End PBXNativeTarget section */

/* Begin PBXProject section */
		886D0E0F2AD5BF2000F955CD /* Project object */ = {
			isa = PBXProject;
			attributes = {
				BuildIndependentTargetsInParallel = 1;
				LastSwiftUpdateCheck = 1430;
				LastUpgradeCheck = 1430;
				TargetAttributes = {
					886D0E162AD5BF2000F955CD = {
						CreatedOnToolsVersion = 14.3.1;
					};
				};
			};
			buildConfigurationList = 886D0E122AD5BF2000F955CD /* Build configuration list for PBXProject "ExamenMoviles" */;
			compatibilityVersion = "Xcode 14.0";
			developmentRegion = en;
			hasScannedForEncodings = 0;
			knownRegions = (
				en,
				Base,
			);
			mainGroup = 886D0E0E2AD5BF2000F955CD;
			packageReferences = (
				886D0E342AD5C2A200F955CD /* XCRemoteSwiftPackageReference "Alamofire" */,
			);
			productRefGroup = 886D0E182AD5BF2000F955CD /* Products */;
			projectDirPath = "";
			projectRoot = "";
			targets = (
				886D0E162AD5BF2000F955CD /* ExamenMoviles */,
			);
		};
/* End PBXProject section */

/* Begin PBXResourcesBuildPhase section */
		886D0E152AD5BF2000F955CD /* Resources */ = {
			isa = PBXResourcesBuildPhase;
			buildActionMask = 2147483647;
			files = (
				886D0E222AD5BF2200F955CD /* Preview Assets.xcassets in Resources */,
				886D0E1F2AD5BF2200F955CD /* Assets.xcassets in Resources */,
			);
			runOnlyForDeploymentPostprocessing = 0;
		};
/* End PBXResourcesBuildPhase section */

/* Begin PBXSourcesBuildPhase section */
		886D0E132AD5BF2000F955CD /* Sources */ = {
			isa = PBXSourcesBuildPhase;
			buildActionMask = 2147483647;
			files = (
				886D0E2F2AD5BFCD00F955CD /* Model.swift in Sources */,
				886D0E3D2AD5EA9400F955CD /* MovieInfoRequirement.swift in Sources */,
				886D0E1D2AD5BF2000F955CD /* ContentView.swift in Sources */,
				886D0E1B2AD5BF2000F955CD /* ExamenMovilesApp.swift in Sources */,
				886D0E332AD5C1DD00F955CD /* NetworkApiService.swift in Sources */,
				886D0E3B2AD5EA8600F955CD /* MovieCollectionRequirement.swift in Sources */,
				886D0E392AD5D0FF00F955CD /* ViewModel.swift in Sources */,
				886D0E312AD5C09900F955CD /* Repository.swift in Sources */,
			);
			runOnlyForDeploymentPostprocessing = 0;
		};
/* End PBXSourcesBuildPhase section */

/* Begin XCBuildConfiguration section */
		886D0E232AD5BF2200F955CD /* Debug */ = {
			isa = XCBuildConfiguration;
			buildSettings = {
				ALWAYS_SEARCH_USER_PATHS = NO;
				CLANG_ANALYZER_NONNULL = YES;
				CLANG_ANALYZER_NUMBER_OBJECT_CONVERSION = YES_AGGRESSIVE;
				CLANG_CXX_LANGUAGE_STANDARD = "gnu++20";
				CLANG_ENABLE_MODULES = YES;
				CLANG_ENABLE_OBJC_ARC = YES;
				CLANG_ENABLE_OBJC_WEAK = YES;
				CLANG_WARN_BLOCK_CAPTURE_AUTORELEASING = YES;
				CLANG_WARN_BOOL_CONVERSION = YES;
				CLANG_WARN_COMMA = YES;
				CLANG_WARN_CONSTANT_CONVERSION = YES;
				CLANG_WARN_DEPRECATED_OBJC_IMPLEMENTATIONS = YES;
				CLANG_WARN_DIRECT_OBJC_ISA_USAGE = YES_ERROR;
				CLANG_WARN_DOCUMENTATION_COMMENTS = YES;
				CLANG_WARN_EMPTY_BODY = YES;
				CLANG_WARN_ENUM_CONVERSION = YES;
				CLANG_WARN_INFINITE_RECURSION = YES;
				CLANG_WARN_INT_CONVERSION = YES;
				CLANG_WARN_NON_LITERAL_NULL_CONVERSION = YES;
				CLANG_WARN_OBJC_IMPLICIT_RETAIN_SELF = YES;
				CLANG_WARN_OBJC_LITERAL_CONVERSION = YES;
				CLANG_WARN_OBJC_ROOT_CLASS = YES_ERROR;
				CLANG_WARN_QUOTED_INCLUDE_IN_FRAMEWORK_HEADER = YES;
				CLANG_WARN_RANGE_LOOP_ANALYSIS = YES;
				CLANG_WARN_STRICT_PROTOTYPES = YES;
				CLANG_WARN_SUSPICIOUS_MOVE = YES;
				CLANG_WARN_UNGUARDED_AVAILABILITY = YES_AGGRESSIVE;
				CLANG_WARN_UNREACHABLE_CODE = YES;
				CLANG_WARN__DUPLICATE_METHOD_MATCH = YES;
				COPY_PHASE_STRIP = NO;
				DEBUG_INFORMATION_FORMAT = dwarf;
				ENABLE_STRICT_OBJC_MSGSEND = YES;
				ENABLE_TESTABILITY = YES;
				GCC_C_LANGUAGE_STANDARD = gnu11;
				GCC_DYNAMIC_NO_PIC = NO;
				GCC_NO_COMMON_BLOCKS = YES;
				GCC_OPTIMIZATION_LEVEL = 0;
				GCC_PREPROCESSOR_DEFINITIONS = (
					"DEBUG=1",
					"$(inherited)",
				);
				GCC_WARN_64_TO_32_BIT_CONVERSION = YES;
				GCC_WARN_ABOUT_RETURN_TYPE = YES_ERROR;
				GCC_WARN_UNDECLARED_SELECTOR = YES;
				GCC_WARN_UNINITIALIZED_AUTOS = YES_AGGRESSIVE;
				GCC_WARN_UNUSED_FUNCTION = YES;
				GCC_WARN_UNUSED_VARIABLE = YES;
				IPHONEOS_DEPLOYMENT_TARGET = 16.4;
				MTL_ENABLE_DEBUG_INFO = INCLUDE_SOURCE;
				MTL_FAST_MATH = YES;
				ONLY_ACTIVE_ARCH = YES;
				SDKROOT = iphoneos;
				SWIFT_ACTIVE_COMPILATION_CONDITIONS = DEBUG;
				SWIFT_OPTIMIZATION_LEVEL = "-Onone";
			};
			name = Debug;
		};
		886D0E242AD5BF2200F955CD /* Release */ = {
			isa = XCBuildConfiguration;
			buildSettings = {
				ALWAYS_SEARCH_USER_PATHS = NO;
				CLANG_ANALYZER_NONNULL = YES;
				CLANG_ANALYZER_NUMBER_OBJECT_CONVERSION = YES_AGGRESSIVE;
				CLANG_CXX_LANGUAGE_STANDARD = "gnu++20";
				CLANG_ENABLE_MODULES = YES;
				CLANG_ENABLE_OBJC_ARC = YES;
				CLANG_ENABLE_OBJC_WEAK = YES;
				CLANG_WARN_BLOCK_CAPTURE_AUTORELEASING = YES;
				CLANG_WARN_BOOL_CONVERSION = YES;
				CLANG_WARN_COMMA = YES;
				CLANG_WARN_CONSTANT_CONVERSION = YES;
				CLANG_WARN_DEPRECATED_OBJC_IMPLEMENTATIONS = YES;
				CLANG_WARN_DIRECT_OBJC_ISA_USAGE = YES_ERROR;
				CLANG_WARN_DOCUMENTATION_COMMENTS = YES;
				CLANG_WARN_EMPTY_BODY = YES;
				CLANG_WARN_ENUM_CONVERSION = YES;
				CLANG_WARN_INFINITE_RECURSION = YES;
				CLANG_WARN_INT_CONVERSION = YES;
				CLANG_WARN_NON_LITERAL_NULL_CONVERSION = YES;
				CLANG_WARN_OBJC_IMPLICIT_RETAIN_SELF = YES;
				CLANG_WARN_OBJC_LITERAL_CONVERSION = YES;
				CLANG_WARN_OBJC_ROOT_CLASS = YES_ERROR;
				CLANG_WARN_QUOTED_INCLUDE_IN_FRAMEWORK_HEADER = YES;
				CLANG_WARN_RANGE_LOOP_ANALYSIS = YES;
				CLANG_WARN_STRICT_PROTOTYPES = YES;
				CLANG_WARN_SUSPICIOUS_MOVE = YES;
				CLANG_WARN_UNGUARDED_AVAILABILITY = YES_AGGRESSIVE;
				CLANG_WARN_UNREACHABLE_CODE = YES;
				CLANG_WARN__DUPLICATE_METHOD_MATCH = YES;
				COPY_PHASE_STRIP = NO;
				DEBUG_INFORMATION_FORMAT = "dwarf-with-dsym";
				ENABLE_NS_ASSERTIONS = NO;
				ENABLE_STRICT_OBJC_MSGSEND = YES;
				GCC_C_LANGUAGE_STANDARD = gnu11;
				GCC_NO_COMMON_BLOCKS = YES;
				GCC_WARN_64_TO_32_BIT_CONVERSION = YES;
				GCC_WARN_ABOUT_RETURN_TYPE = YES_ERROR;
				GCC_WARN_UNDECLARED_SELECTOR = YES;
				GCC_WARN_UNINITIALIZED_AUTOS = YES_AGGRESSIVE;
				GCC_WARN_UNUSED_FUNCTION = YES;
				GCC_WARN_UNUSED_VARIABLE = YES;
				IPHONEOS_DEPLOYMENT_TARGET = 16.4;
				MTL_ENABLE_DEBUG_INFO = NO;
				MTL_FAST_MATH = YES;
				SDKROOT = iphoneos;
				SWIFT_COMPILATION_MODE = wholemodule;
				SWIFT_OPTIMIZATION_LEVEL = "-O";
				VALIDATE_PRODUCT = YES;
			};
			name = Release;
		};
		886D0E262AD5BF2200F955CD /* Debug */ = {
			isa = XCBuildConfiguration;
			buildSettings = {
				ASSETCATALOG_COMPILER_APPICON_NAME = AppIcon;
				ASSETCATALOG_COMPILER_GLOBAL_ACCENT_COLOR_NAME = AccentColor;
				CODE_SIGN_STYLE = Automatic;
				CURRENT_PROJECT_VERSION = 1;
				DEVELOPMENT_ASSET_PATHS = "\"ExamenMoviles/Preview Content\"";
				ENABLE_PREVIEWS = YES;
				GENERATE_INFOPLIST_FILE = YES;
				INFOPLIST_FILE = ExamenMoviles/Info.plist;
				INFOPLIST_KEY_UIApplicationSceneManifest_Generation = YES;
				INFOPLIST_KEY_UIApplicationSupportsIndirectInputEvents = YES;
				INFOPLIST_KEY_UILaunchScreen_Generation = YES;
				INFOPLIST_KEY_UISupportedInterfaceOrientations_iPad = "UIInterfaceOrientationPortrait UIInterfaceOrientationPortraitUpsideDown UIInterfaceOrientationLandscapeLeft UIInterfaceOrientationLandscapeRight";
				INFOPLIST_KEY_UISupportedInterfaceOrientations_iPhone = "UIInterfaceOrientationPortrait UIInterfaceOrientationLandscapeLeft UIInterfaceOrientationLandscapeRight";
				LD_RUNPATH_SEARCH_PATHS = (
					"$(inherited)",
					"@executable_path/Frameworks",
				);
				MARKETING_VERSION = 1.0;
				PRODUCT_BUNDLE_IDENTIFIER = com.example.ExamenMoviles;
				PRODUCT_NAME = "$(TARGET_NAME)";
				SWIFT_EMIT_LOC_STRINGS = YES;
				SWIFT_VERSION = 5.0;
				TARGETED_DEVICE_FAMILY = "1,2";
			};
			name = Debug;
		};
		886D0E272AD5BF2200F955CD /* Release */ = {
			isa = XCBuildConfiguration;
			buildSettings = {
				ASSETCATALOG_COMPILER_APPICON_NAME = AppIcon;
				ASSETCATALOG_COMPILER_GLOBAL_ACCENT_COLOR_NAME = AccentColor;
				CODE_SIGN_STYLE = Automatic;
				CURRENT_PROJECT_VERSION = 1;
				DEVELOPMENT_ASSET_PATHS = "\"ExamenMoviles/Preview Content\"";
				ENABLE_PREVIEWS = YES;
				GENERATE_INFOPLIST_FILE = YES;
				INFOPLIST_FILE = ExamenMoviles/Info.plist;
				INFOPLIST_KEY_UIApplicationSceneManifest_Generation = YES;
				INFOPLIST_KEY_UIApplicationSupportsIndirectInputEvents = YES;
				INFOPLIST_KEY_UILaunchScreen_Generation = YES;
				INFOPLIST_KEY_UISupportedInterfaceOrientations_iPad = "UIInterfaceOrientationPortrait UIInterfaceOrientationPortraitUpsideDown UIInterfaceOrientationLandscapeLeft UIInterfaceOrientationLandscapeRight";
				INFOPLIST_KEY_UISupportedInterfaceOrientations_iPhone = "UIInterfaceOrientationPortrait UIInterfaceOrientationLandscapeLeft UIInterfaceOrientationLandscapeRight";
				LD_RUNPATH_SEARCH_PATHS = (
					"$(inherited)",
					"@executable_path/Frameworks",
				);
				MARKETING_VERSION = 1.0;
				PRODUCT_BUNDLE_IDENTIFIER = com.example.ExamenMoviles;
				PRODUCT_NAME = "$(TARGET_NAME)";
				SWIFT_EMIT_LOC_STRINGS = YES;
				SWIFT_VERSION = 5.0;
				TARGETED_DEVICE_FAMILY = "1,2";
			};
			name = Release;
		};
/* End XCBuildConfiguration section */

/* Begin XCConfigurationList section */
		886D0E122AD5BF2000F955CD /* Build configuration list for PBXProject "ExamenMoviles" */ = {
			isa = XCConfigurationList;
			buildConfigurations = (
				886D0E232AD5BF2200F955CD /* Debug */,
				886D0E242AD5BF2200F955CD /* Release */,
			);
			defaultConfigurationIsVisible = 0;
			defaultConfigurationName = Release;
		};
		886D0E252AD5BF2200F955CD /* Build configuration list for PBXNativeTarget "ExamenMoviles" */ = {
			isa = XCConfigurationList;
			buildConfigurations = (
				886D0E262AD5BF2200F955CD /* Debug */,
				886D0E272AD5BF2200F955CD /* Release */,
			);
			defaultConfigurationIsVisible = 0;
			defaultConfigurationName = Release;
		};
/* End XCConfigurationList section */

/* Begin XCRemoteSwiftPackageReference section */
		886D0E342AD5C2A200F955CD /* XCRemoteSwiftPackageReference "Alamofire" */ = {
			isa = XCRemoteSwiftPackageReference;
			repositoryURL = "https://github.com/Alamofire/Alamofire.git";
			requirement = {
				kind = upToNextMajorVersion;
				minimumVersion = 5.0.0;
			};
		};
/* End XCRemoteSwiftPackageReference section */

/* Begin XCSwiftPackageProductDependency section */
		886D0E352AD5C2A200F955CD /* Alamofire */ = {
			isa = XCSwiftPackageProductDependency;
			package = 886D0E342AD5C2A200F955CD /* XCRemoteSwiftPackageReference "Alamofire" */;
			productName = Alamofire;
		};
/* End XCSwiftPackageProductDependency section */
	};
	rootObject = 886D0E0F2AD5BF2000F955CD /* Project object */;
}
